// !$*UTF8*$!
{
	archiveVersion = 1;
	classes = {
	};
	objectVersion = 50;
	objects = {

/* Begin PBXBuildFile section */
		4966976E233BA2FD004CA23D /* AppDelegate.swift in Sources */ = {isa = PBXBuildFile; fileRef = 4966976D233BA2FD004CA23D /* AppDelegate.swift */; };
		49669770233BA2FD004CA23D /* ViewController.swift in Sources */ = {isa = PBXBuildFile; fileRef = 4966976F233BA2FD004CA23D /* ViewController.swift */; };
		49669773233BA2FD004CA23D /* Main.storyboard in Resources */ = {isa = PBXBuildFile; fileRef = 49669771233BA2FD004CA23D /* Main.storyboard */; };
		49669776233BA2FD004CA23D /* EnergyKeeper.xcdatamodeld in Sources */ = {isa = PBXBuildFile; fileRef = 49669774233BA2FD004CA23D /* EnergyKeeper.xcdatamodeld */; };
		49669778233BA2FF004CA23D /* Assets.xcassets in Resources */ = {isa = PBXBuildFile; fileRef = 49669777233BA2FF004CA23D /* Assets.xcassets */; };
		4966977B233BA2FF004CA23D /* LaunchScreen.storyboard in Resources */ = {isa = PBXBuildFile; fileRef = 49669779233BA2FF004CA23D /* LaunchScreen.storyboard */; };
		49669786233BA2FF004CA23D /* EnergyKeeperTests.swift in Sources */ = {isa = PBXBuildFile; fileRef = 49669785233BA2FF004CA23D /* EnergyKeeperTests.swift */; };
		49669791233BA2FF004CA23D /* EnergyKeeperUITests.swift in Sources */ = {isa = PBXBuildFile; fileRef = 49669790233BA2FF004CA23D /* EnergyKeeperUITests.swift */; };
/* End PBXBuildFile section */

/* Begin PBXContainerItemProxy section */
		49669782233BA2FF004CA23D /* PBXContainerItemProxy */ = {
			isa = PBXContainerItemProxy;
			containerPortal = 49669762233BA2FD004CA23D /* Project object */;
			proxyType = 1;
			remoteGlobalIDString = 49669769233BA2FD004CA23D;
			remoteInfo = EnergyKeeper;
		};
		4966978D233BA2FF004CA23D /* PBXContainerItemProxy */ = {
			isa = PBXContainerItemProxy;
			containerPortal = 49669762233BA2FD004CA23D /* Project object */;
			proxyType = 1;
			remoteGlobalIDString = 49669769233BA2FD004CA23D;
			remoteInfo = EnergyKeeper;
		};
/* End PBXContainerItemProxy section */

/* Begin PBXFileReference section */
		4966976A233BA2FD004CA23D /* EnergyKeeper.app */ = {isa = PBXFileReference; explicitFileType = wrapper.application; includeInIndex = 0; path = EnergyKeeper.app; sourceTree = BUILT_PRODUCTS_DIR; };
		4966976D233BA2FD004CA23D /* AppDelegate.swift */ = {isa = PBXFileReference; lastKnownFileType = sourcecode.swift; path = AppDelegate.swift; sourceTree = "<group>"; };
		4966976F233BA2FD004CA23D /* ViewController.swift */ = {isa = PBXFileReference; lastKnownFileType = sourcecode.swift; path = ViewController.swift; sourceTree = "<group>"; };
		49669772233BA2FD004CA23D /* Base */ = {isa = PBXFileReference; lastKnownFileType = file.storyboard; name = Base; path = Base.lproj/Main.storyboard; sourceTree = "<group>"; };
		49669775233BA2FD004CA23D /* EnergyKeeper.xcdatamodel */ = {isa = PBXFileReference; lastKnownFileType = wrapper.xcdatamodel; path = EnergyKeeper.xcdatamodel; sourceTree = "<group>"; };
		49669777233BA2FF004CA23D /* Assets.xcassets */ = {isa = PBXFileReference; lastKnownFileType = folder.assetcatalog; path = Assets.xcassets; sourceTree = "<group>"; };
		4966977A233BA2FF004CA23D /* Base */ = {isa = PBXFileReference; lastKnownFileType = file.storyboard; name = Base; path = Base.lproj/LaunchScreen.storyboard; sourceTree = "<group>"; };
		4966977C233BA2FF004CA23D /* Info.plist */ = {isa = PBXFileReference; lastKnownFileType = text.plist.xml; path = Info.plist; sourceTree = "<group>"; };
		49669781233BA2FF004CA23D /* EnergyKeeperTests.xctest */ = {isa = PBXFileReference; explicitFileType = wrapper.cfbundle; includeInIndex = 0; path = EnergyKeeperTests.xctest; sourceTree = BUILT_PRODUCTS_DIR; };
		49669785233BA2FF004CA23D /* EnergyKeeperTests.swift */ = {isa = PBXFileReference; lastKnownFileType = sourcecode.swift; path = EnergyKeeperTests.swift; sourceTree = "<group>"; };
		49669787233BA2FF004CA23D /* Info.plist */ = {isa = PBXFileReference; lastKnownFileType = text.plist.xml; path = Info.plist; sourceTree = "<group>"; };
		4966978C233BA2FF004CA23D /* EnergyKeeperUITests.xctest */ = {isa = PBXFileReference; explicitFileType = wrapper.cfbundle; includeInIndex = 0; path = EnergyKeeperUITests.xctest; sourceTree = BUILT_PRODUCTS_DIR; };
		49669790233BA2FF004CA23D /* EnergyKeeperUITests.swift */ = {isa = PBXFileReference; lastKnownFileType = sourcecode.swift; path = EnergyKeeperUITests.swift; sourceTree = "<group>"; };
		49669792233BA2FF004CA23D /* Info.plist */ = {isa = PBXFileReference; lastKnownFileType = text.plist.xml; path = Info.plist; sourceTree = "<group>"; };
/* End PBXFileReference section */

/* Begin PBXFrameworksBuildPhase section */
		49669767233BA2FD004CA23D /* Frameworks */ = {
			isa = PBXFrameworksBuildPhase;
			buildActionMask = 2147483647;
			files = (
			);
			runOnlyForDeploymentPostprocessing = 0;
		};
		4966977E233BA2FF004CA23D /* Frameworks */ = {
			isa = PBXFrameworksBuildPhase;
			buildActionMask = 2147483647;
			files = (
			);
			runOnlyForDeploymentPostprocessing = 0;
		};
		49669789233BA2FF004CA23D /* Frameworks */ = {
			isa = PBXFrameworksBuildPhase;
			buildActionMask = 2147483647;
			files = (
			);
			runOnlyForDeploymentPostprocessing = 0;
		};
/* End PBXFrameworksBuildPhase section */

/* Begin PBXGroup section */
		49669761233BA2FD004CA23D = {
			isa = PBXGroup;
			children = (
				4966976C233BA2FD004CA23D /* EnergyKeeper */,
				49669784233BA2FF004CA23D /* EnergyKeeperTests */,
				4966978F233BA2FF004CA23D /* EnergyKeeperUITests */,
				4966976B233BA2FD004CA23D /* Products */,
			);
			sourceTree = "<group>";
		};
		4966976B233BA2FD004CA23D /* Products */ = {
			isa = PBXGroup;
			children = (
				4966976A233BA2FD004CA23D /* EnergyKeeper.app */,
				49669781233BA2FF004CA23D /* EnergyKeeperTests.xctest */,
				4966978C233BA2FF004CA23D /* EnergyKeeperUITests.xctest */,
			);
			name = Products;
			sourceTree = "<group>";
		};
		4966976C233BA2FD004CA23D /* EnergyKeeper */ = {
			isa = PBXGroup;
			children = (
				4966976D233BA2FD004CA23D /* AppDelegate.swift */,
				4966976F233BA2FD004CA23D /* ViewController.swift */,
				49669771233BA2FD004CA23D /* Main.storyboard */,
				49669777233BA2FF004CA23D /* Assets.xcassets */,
				49669779233BA2FF004CA23D /* LaunchScreen.storyboard */,
				4966977C233BA2FF004CA23D /* Info.plist */,
				49669774233BA2FD004CA23D /* EnergyKeeper.xcdatamodeld */,
			);
			path = EnergyKeeper;
			sourceTree = "<group>";
		};
		49669784233BA2FF004CA23D /* EnergyKeeperTests */ = {
			isa = PBXGroup;
			children = (
				49669785233BA2FF004CA23D /* EnergyKeeperTests.swift */,
				49669787233BA2FF004CA23D /* Info.plist */,
			);
			path = EnergyKeeperTests;
			sourceTree = "<group>";
		};
		4966978F233BA2FF004CA23D /* EnergyKeeperUITests */ = {
			isa = PBXGroup;
			children = (
				49669790233BA2FF004CA23D /* EnergyKeeperUITests.swift */,
				49669792233BA2FF004CA23D /* Info.plist */,
			);
			path = EnergyKeeperUITests;
			sourceTree = "<group>";
		};
/* End PBXGroup section */

/* Begin PBXNativeTarget section */
		49669769233BA2FD004CA23D /* EnergyKeeper */ = {
			isa = PBXNativeTarget;
			buildConfigurationList = 49669795233BA2FF004CA23D /* Build configuration list for PBXNativeTarget "EnergyKeeper" */;
			buildPhases = (
				49669766233BA2FD004CA23D /* Sources */,
				49669767233BA2FD004CA23D /* Frameworks */,
				49669768233BA2FD004CA23D /* Resources */,
			);
			buildRules = (
			);
			dependencies = (
			);
			name = EnergyKeeper;
			productName = EnergyKeeper;
			productReference = 4966976A233BA2FD004CA23D /* EnergyKeeper.app */;
			productType = "com.apple.product-type.application";
		};
		49669780233BA2FF004CA23D /* EnergyKeeperTests */ = {
			isa = PBXNativeTarget;
			buildConfigurationList = 49669798233BA2FF004CA23D /* Build configuration list for PBXNativeTarget "EnergyKeeperTests" */;
			buildPhases = (
				4966977D233BA2FF004CA23D /* Sources */,
				4966977E233BA2FF004CA23D /* Frameworks */,
				4966977F233BA2FF004CA23D /* Resources */,
			);
			buildRules = (
			);
			dependencies = (
				49669783233BA2FF004CA23D /* PBXTargetDependency */,
			);
			name = EnergyKeeperTests;
			productName = EnergyKeeperTests;
			productReference = 49669781233BA2FF004CA23D /* EnergyKeeperTests.xctest */;
			productType = "com.apple.product-type.bundle.unit-test";
		};
		4966978B233BA2FF004CA23D /* EnergyKeeperUITests */ = {
			isa = PBXNativeTarget;
			buildConfigurationList = 4966979B233BA2FF004CA23D /* Build configuration list for PBXNativeTarget "EnergyKeeperUITests" */;
			buildPhases = (
				49669788233BA2FF004CA23D /* Sources */,
				49669789233BA2FF004CA23D /* Frameworks */,
				4966978A233BA2FF004CA23D /* Resources */,
			);
			buildRules = (
			);
			dependencies = (
				4966978E233BA2FF004CA23D /* PBXTargetDependency */,
			);
			name = EnergyKeeperUITests;
			productName = EnergyKeeperUITests;
			productReference = 4966978C233BA2FF004CA23D /* EnergyKeeperUITests.xctest */;
			productType = "com.apple.product-type.bundle.ui-testing";
		};
/* End PBXNativeTarget section */

/* Begin PBXProject section */
		49669762233BA2FD004CA23D /* Project object */ = {
			isa = PBXProject;
			attributes = {
				LastSwiftUpdateCheck = 1020;
				LastUpgradeCheck = 1020;
				ORGANIZATIONNAME = "Juan Carlos Estevez";
				TargetAttributes = {
					49669769233BA2FD004CA23D = {
						CreatedOnToolsVersion = 10.2.1;
					};
					49669780233BA2FF004CA23D = {
						CreatedOnToolsVersion = 10.2.1;
						TestTargetID = 49669769233BA2FD004CA23D;
					};
					4966978B233BA2FF004CA23D = {
						CreatedOnToolsVersion = 10.2.1;
						TestTargetID = 49669769233BA2FD004CA23D;
					};
				};
			};
			buildConfigurationList = 49669765233BA2FD004CA23D /* Build configuration list for PBXProject "EnergyKeeper" */;
			compatibilityVersion = "Xcode 9.3";
			developmentRegion = en;
			hasScannedForEncodings = 0;
			knownRegions = (
				en,
				Base,
			);
			mainGroup = 49669761233BA2FD004CA23D;
			productRefGroup = 4966976B233BA2FD004CA23D /* Products */;
			projectDirPath = "";
			projectRoot = "";
			targets = (
				49669769233BA2FD004CA23D /* EnergyKeeper */,
				49669780233BA2FF004CA23D /* EnergyKeeperTests */,
				4966978B233BA2FF004CA23D /* EnergyKeeperUITests */,
			);
		};
/* End PBXProject section */

/* Begin PBXResourcesBuildPhase section */
		49669768233BA2FD004CA23D /* Resources */ = {
			isa = PBXResourcesBuildPhase;
			buildActionMask = 2147483647;
			files = (
				4966977B233BA2FF004CA23D /* LaunchScreen.storyboard in Resources */,
				49669778233BA2FF004CA23D /* Assets.xcassets in Resources */,
				49669773233BA2FD004CA23D /* Main.storyboard in Resources */,
			);
			runOnlyForDeploymentPostprocessing = 0;
		};
		4966977F233BA2FF004CA23D /* Resources */ = {
			isa = PBXResourcesBuildPhase;
			buildActionMask = 2147483647;
			files = (
			);
			runOnlyForDeploymentPostprocessing = 0;
		};
		4966978A233BA2FF004CA23D /* Resources */ = {
			isa = PBXResourcesBuildPhase;
			buildActionMask = 2147483647;
			files = (
			);
			runOnlyForDeploymentPostprocessing = 0;
		};
/* End PBXResourcesBuildPhase section */

/* Begin PBXSourcesBuildPhase section */
		49669766233BA2FD004CA23D /* Sources */ = {
			isa = PBXSourcesBuildPhase;
			buildActionMask = 2147483647;
			files = (
				49669770233BA2FD004CA23D /* ViewController.swift in Sources */,
				49669776233BA2FD004CA23D /* EnergyKeeper.xcdatamodeld in Sources */,
				4966976E233BA2FD004CA23D /* AppDelegate.swift in Sources */,
			);
			runOnlyForDeploymentPostprocessing = 0;
		};
		4966977D233BA2FF004CA23D /* Sources */ = {
			isa = PBXSourcesBuildPhase;
			buildActionMask = 2147483647;
			files = (
				49669786233BA2FF004CA23D /* EnergyKeeperTests.swift in Sources */,
			);
			runOnlyForDeploymentPostprocessing = 0;
		};
		49669788233BA2FF004CA23D /* Sources */ = {
			isa = PBXSourcesBuildPhase;
			buildActionMask = 2147483647;
			files = (
				49669791233BA2FF004CA23D /* EnergyKeeperUITests.swift in Sources */,
			);
			runOnlyForDeploymentPostprocessing = 0;
		};
/* End PBXSourcesBuildPhase section */

/* Begin PBXTargetDependency section */
		49669783233BA2FF004CA23D /* PBXTargetDependency */ = {
			isa = PBXTargetDependency;
			target = 49669769233BA2FD004CA23D /* EnergyKeeper */;
			targetProxy = 49669782233BA2FF004CA23D /* PBXContainerItemProxy */;
		};
		4966978E233BA2FF004CA23D /* PBXTargetDependency */ = {
			isa = PBXTargetDependency;
			target = 49669769233BA2FD004CA23D /* EnergyKeeper */;
			targetProxy = 4966978D233BA2FF004CA23D /* PBXContainerItemProxy */;
		};
/* End PBXTargetDependency section */

/* Begin PBXVariantGroup section */
		49669771233BA2FD004CA23D /* Main.storyboard */ = {
			isa = PBXVariantGroup;
			children = (
				49669772233BA2FD004CA23D /* Base */,
			);
			name = Main.storyboard;
			sourceTree = "<group>";
		};
		49669779233BA2FF004CA23D /* LaunchScreen.storyboard */ = {
			isa = PBXVariantGroup;
			children = (
				4966977A233BA2FF004CA23D /* Base */,
			);
			name = LaunchScreen.storyboard;
			sourceTree = "<group>";
		};
/* End PBXVariantGroup section */

/* Begin XCBuildConfiguration section */
		49669793233BA2FF004CA23D /* Debug */ = {
			isa = XCBuildConfiguration;
			buildSettings = {
				ALWAYS_SEARCH_USER_PATHS = NO;
				CLANG_ANALYZER_NONNULL = YES;
				CLANG_ANALYZER_NUMBER_OBJECT_CONVERSION = YES_AGGRESSIVE;
				CLANG_CXX_LANGUAGE_STANDARD = "gnu++14";
				CLANG_CXX_LIBRARY = "libc++";
				CLANG_ENABLE_MODULES = YES;
				CLANG_ENABLE_OBJC_ARC = YES;
				CLANG_ENABLE_OBJC_WEAK = YES;
				CLANG_WARN_BLOCK_CAPTURE_AUTORELEASING = YES;
				CLANG_WARN_BOOL_CONVERSION = YES;
				CLANG_WARN_COMMA = YES;
				CLANG_WARN_CONSTANT_CONVERSION = YES;
				CLANG_WARN_DEPRECATED_OBJC_IMPLEMENTATIONS = YES;
				CLANG_WARN_DIRECT_OBJC_ISA_USAGE = YES_ERROR;
				CLANG_WARN_DOCUMENTATION_COMMENTS = YES;
				CLANG_WARN_EMPTY_BODY = YES;
				CLANG_WARN_ENUM_CONVERSION = YES;
				CLANG_WARN_INFINITE_RECURSION = YES;
				CLANG_WARN_INT_CONVERSION = YES;
				CLANG_WARN_NON_LITERAL_NULL_CONVERSION = YES;
				CLANG_WARN_OBJC_IMPLICIT_RETAIN_SELF = YES;
				CLANG_WARN_OBJC_LITERAL_CONVERSION = YES;
				CLANG_WARN_OBJC_ROOT_CLASS = YES_ERROR;
				CLANG_WARN_RANGE_LOOP_ANALYSIS = YES;
				CLANG_WARN_STRICT_PROTOTYPES = YES;
				CLANG_WARN_SUSPICIOUS_MOVE = YES;
				CLANG_WARN_UNGUARDED_AVAILABILITY = YES_AGGRESSIVE;
				CLANG_WARN_UNREACHABLE_CODE = YES;
				CLANG_WARN__DUPLICATE_METHOD_MATCH = YES;
				CODE_SIGN_IDENTITY = "iPhone Developer";
				COPY_PHASE_STRIP = NO;
				DEBUG_INFORMATION_FORMAT = dwarf;
				ENABLE_STRICT_OBJC_MSGSEND = YES;
				ENABLE_TESTABILITY = YES;
				GCC_C_LANGUAGE_STANDARD = gnu11;
				GCC_DYNAMIC_NO_PIC = NO;
				GCC_NO_COMMON_BLOCKS = YES;
				GCC_OPTIMIZATION_LEVEL = 0;
				GCC_PREPROCESSOR_DEFINITIONS = (
					"DEBUG=1",
					"$(inherited)",
				);
				GCC_WARN_64_TO_32_BIT_CONVERSION = YES;
				GCC_WARN_ABOUT_RETURN_TYPE = YES_ERROR;
				GCC_WARN_UNDECLARED_SELECTOR = YES;
				GCC_WARN_UNINITIALIZED_AUTOS = YES_AGGRESSIVE;
				GCC_WARN_UNUSED_FUNCTION = YES;
				GCC_WARN_UNUSED_VARIABLE = YES;
				IPHONEOS_DEPLOYMENT_TARGET = 12.2;
				MTL_ENABLE_DEBUG_INFO = INCLUDE_SOURCE;
				MTL_FAST_MATH = YES;
				ONLY_ACTIVE_ARCH = YES;
				SDKROOT = iphoneos;
				SWIFT_ACTIVE_COMPILATION_CONDITIONS = DEBUG;
				SWIFT_OPTIMIZATION_LEVEL = "-Onone";
			};
			name = Debug;
		};
		49669794233BA2FF004CA23D /* Release */ = {
			isa = XCBuildConfiguration;
			buildSettings = {
				ALWAYS_SEARCH_USER_PATHS = NO;
				CLANG_ANALYZER_NONNULL = YES;
				CLANG_ANALYZER_NUMBER_OBJECT_CONVERSION = YES_AGGRESSIVE;
				CLANG_CXX_LANGUAGE_STANDARD = "gnu++14";
				CLANG_CXX_LIBRARY = "libc++";
				CLANG_ENABLE_MODULES = YES;
				CLANG_ENABLE_OBJC_ARC = YES;
				CLANG_ENABLE_OBJC_WEAK = YES;
				CLANG_WARN_BLOCK_CAPTURE_AUTORELEASING = YES;
				CLANG_WARN_BOOL_CONVERSION = YES;
				CLANG_WARN_COMMA = YES;
				CLANG_WARN_CONSTANT_CONVERSION = YES;
				CLANG_WARN_DEPRECATED_OBJC_IMPLEMENTATIONS = YES;
				CLANG_WARN_DIRECT_OBJC_ISA_USAGE = YES_ERROR;
				CLANG_WARN_DOCUMENTATION_COMMENTS = YES;
				CLANG_WARN_EMPTY_BODY = YES;
				CLANG_WARN_ENUM_CONVERSION = YES;
				CLANG_WARN_INFINITE_RECURSION = YES;
				CLANG_WARN_INT_CONVERSION = YES;
				CLANG_WARN_NON_LITERAL_NULL_CONVERSION = YES;
				CLANG_WARN_OBJC_IMPLICIT_RETAIN_SELF = YES;
				CLANG_WARN_OBJC_LITERAL_CONVERSION = YES;
				CLANG_WARN_OBJC_ROOT_CLASS = YES_ERROR;
				CLANG_WARN_RANGE_LOOP_ANALYSIS = YES;
				CLANG_WARN_STRICT_PROTOTYPES = YES;
				CLANG_WARN_SUSPICIOUS_MOVE = YES;
				CLANG_WARN_UNGUARDED_AVAILABILITY = YES_AGGRESSIVE;
				CLANG_WARN_UNREACHABLE_CODE = YES;
				CLANG_WARN__DUPLICATE_METHOD_MATCH = YES;
				CODE_SIGN_IDENTITY = "iPhone Developer";
				COPY_PHASE_STRIP = NO;
				DEBUG_INFORMATION_FORMAT = "dwarf-with-dsym";
				ENABLE_NS_ASSERTIONS = NO;
				ENABLE_STRICT_OBJC_MSGSEND = YES;
				GCC_C_LANGUAGE_STANDARD = gnu11;
				GCC_NO_COMMON_BLOCKS = YES;
				GCC_WARN_64_TO_32_BIT_CONVERSION = YES;
				GCC_WARN_ABOUT_RETURN_TYPE = YES_ERROR;
				GCC_WARN_UNDECLARED_SELECTOR = YES;
				GCC_WARN_UNINITIALIZED_AUTOS = YES_AGGRESSIVE;
				GCC_WARN_UNUSED_FUNCTION = YES;
				GCC_WARN_UNUSED_VARIABLE = YES;
				IPHONEOS_DEPLOYMENT_TARGET = 12.2;
				MTL_ENABLE_DEBUG_INFO = NO;
				MTL_FAST_MATH = YES;
				SDKROOT = iphoneos;
				SWIFT_COMPILATION_MODE = wholemodule;
				SWIFT_OPTIMIZATION_LEVEL = "-O";
				VALIDATE_PRODUCT = YES;
			};
			name = Release;
		};
		49669796233BA2FF004CA23D /* Debug */ = {
			isa = XCBuildConfiguration;
			buildSettings = {
				ASSETCATALOG_COMPILER_APPICON_NAME = AppIcon;
				CODE_SIGN_STYLE = Automatic;
				DEVELOPMENT_TEAM = S8662L649U;
				INFOPLIST_FILE = EnergyKeeper/Info.plist;
				LD_RUNPATH_SEARCH_PATHS = (
					"$(inherited)",
					"@executable_path/Frameworks",
				);
				PRODUCT_BUNDLE_IDENTIFIER = com.jctechnologies.EnergyKeeper;
				PRODUCT_NAME = "$(TARGET_NAME)";
				SWIFT_VERSION = 5.0;
				TARGETED_DEVICE_FAMILY = "1,2";
			};
			name = Debug;
		};
		49669797233BA2FF004CA23D /* Release */ = {
			isa = XCBuildConfiguration;
			buildSettings = {
				ASSETCATALOG_COMPILER_APPICON_NAME = AppIcon;
				CODE_SIGN_STYLE = Automatic;
				DEVELOPMENT_TEAM = S8662L649U;
				INFOPLIST_FILE = EnergyKeeper/Info.plist;
				LD_RUNPATH_SEARCH_PATHS = (
					"$(inherited)",
					"@executable_path/Frameworks",
				);
				PRODUCT_BUNDLE_IDENTIFIER = com.jctechnologies.EnergyKeeper;
				PRODUCT_NAME = "$(TARGET_NAME)";
				SWIFT_VERSION = 5.0;
				TARGETED_DEVICE_FAMILY = "1,2";
			};
			name = Release;
		};
		49669799233BA2FF004CA23D /* Debug */ = {
			isa = XCBuildConfiguration;
			buildSettings = {
				ALWAYS_EMBED_SWIFT_STANDARD_LIBRARIES = YES;
				BUNDLE_LOADER = "$(TEST_HOST)";
				CODE_SIGN_STYLE = Automatic;
				DEVELOPMENT_TEAM = S8662L649U;
				INFOPLIST_FILE = EnergyKeeperTests/Info.plist;
				LD_RUNPATH_SEARCH_PATHS = (
					"$(inherited)",
					"@executable_path/Frameworks",
					"@loader_path/Frameworks",
				);
				PRODUCT_BUNDLE_IDENTIFIER = com.jctechnologies.EnergyKeeperTests;
				PRODUCT_NAME = "$(TARGET_NAME)";
				SWIFT_VERSION = 5.0;
				TARGETED_DEVICE_FAMILY = "1,2";
				TEST_HOST = "$(BUILT_PRODUCTS_DIR)/EnergyKeeper.app/EnergyKeeper";
			};
			name = Debug;
		};
		4966979A233BA2FF004CA23D /* Release */ = {
			isa = XCBuildConfiguration;
			buildSettings = {
				ALWAYS_EMBED_SWIFT_STANDARD_LIBRARIES = YES;
				BUNDLE_LOADER = "$(TEST_HOST)";
				CODE_SIGN_STYLE = Automatic;
				DEVELOPMENT_TEAM = S8662L649U;
				INFOPLIST_FILE = EnergyKeeperTests/Info.plist;
				LD_RUNPATH_SEARCH_PATHS = (
					"$(inherited)",
					"@executable_path/Frameworks",
					"@loader_path/Frameworks",
				);
				PRODUCT_BUNDLE_IDENTIFIER = com.jctechnologies.EnergyKeeperTests;
				PRODUCT_NAME = "$(TARGET_NAME)";
				SWIFT_VERSION = 5.0;
				TARGETED_DEVICE_FAMILY = "1,2";
				TEST_HOST = "$(BUILT_PRODUCTS_DIR)/EnergyKeeper.app/EnergyKeeper";
			};
			name = Release;
		};
		4966979C233BA2FF004CA23D /* Debug */ = {
			isa = XCBuildConfiguration;
			buildSettings = {
				ALWAYS_EMBED_SWIFT_STANDARD_LIBRARIES = YES;
				CODE_SIGN_STYLE = Automatic;
				DEVELOPMENT_TEAM = S8662L649U;
				INFOPLIST_FILE = EnergyKeeperUITests/Info.plist;
				LD_RUNPATH_SEARCH_PATHS = (
					"$(inherited)",
					"@executable_path/Frameworks",
					"@loader_path/Frameworks",
				);
				PRODUCT_BUNDLE_IDENTIFIER = com.jctechnologies.EnergyKeeperUITests;
				PRODUCT_NAME = "$(TARGET_NAME)";
				SWIFT_VERSION = 5.0;
				TARGETED_DEVICE_FAMILY = "1,2";
				TEST_TARGET_NAME = EnergyKeeper;
			};
			name = Debug;
		};
		4966979D233BA2FF004CA23D /* Release */ = {
			isa = XCBuildConfiguration;
			buildSettings = {
				ALWAYS_EMBED_SWIFT_STANDARD_LIBRARIES = YES;
				CODE_SIGN_STYLE = Automatic;
				DEVELOPMENT_TEAM = S8662L649U;
				INFOPLIST_FILE = EnergyKeeperUITests/Info.plist;
				LD_RUNPATH_SEARCH_PATHS = (
					"$(inherited)",
					"@executable_path/Frameworks",
					"@loader_path/Frameworks",
				);
				PRODUCT_BUNDLE_IDENTIFIER = com.jctechnologies.EnergyKeeperUITests;
				PRODUCT_NAME = "$(TARGET_NAME)";
				SWIFT_VERSION = 5.0;
				TARGETED_DEVICE_FAMILY = "1,2";
				TEST_TARGET_NAME = EnergyKeeper;
			};
			name = Release;
		};
/* End XCBuildConfiguration section */

/* Begin XCConfigurationList section */
		49669765233BA2FD004CA23D /* Build configuration list for PBXProject "EnergyKeeper" */ = {
			isa = XCConfigurationList;
			buildConfigurations = (
				49669793233BA2FF004CA23D /* Debug */,
				49669794233BA2FF004CA23D /* Release */,
			);
			defaultConfigurationIsVisible = 0;
			defaultConfigurationName = Release;
		};
		49669795233BA2FF004CA23D /* Build configuration list for PBXNativeTarget "EnergyKeeper" */ = {
			isa = XCConfigurationList;
			buildConfigurations = (
				49669796233BA2FF004CA23D /* Debug */,
				49669797233BA2FF004CA23D /* Release */,
			);
			defaultConfigurationIsVisible = 0;
			defaultConfigurationName = Release;
		};
		49669798233BA2FF004CA23D /* Build configuration list for PBXNativeTarget "EnergyKeeperTests" */ = {
			isa = XCConfigurationList;
			buildConfigurations = (
				49669799233BA2FF004CA23D /* Debug */,
				4966979A233BA2FF004CA23D /* Release */,
			);
			defaultConfigurationIsVisible = 0;
			defaultConfigurationName = Release;
		};
		4966979B233BA2FF004CA23D /* Build configuration list for PBXNativeTarget "EnergyKeeperUITests" */ = {
			isa = XCConfigurationList;
			buildConfigurations = (
				4966979C233BA2FF004CA23D /* Debug */,
				4966979D233BA2FF004CA23D /* Release */,
			);
			defaultConfigurationIsVisible = 0;
			defaultConfigurationName = Release;
		};
/* End XCConfigurationList section */

/* Begin XCVersionGroup section */
		49669774233BA2FD004CA23D /* EnergyKeeper.xcdatamodeld */ = {
			isa = XCVersionGroup;
			children = (
				49669775233BA2FD004CA23D /* EnergyKeeper.xcdatamodel */,
			);
			currentVersion = 49669775233BA2FD004CA23D /* EnergyKeeper.xcdatamodel */;
			path = EnergyKeeper.xcdatamodeld;
			sourceTree = "<group>";
			versionGroupType = wrapper.xcdatamodel;
		};
/* End XCVersionGroup section */
	};
	rootObject = 49669762233BA2FD004CA23D /* Project object */;
}
